{
  "version": 4,
  "terraform_version": "1.14.8",
  "serial": 18,
  "lineage": "b980ae41-4223-5579-6d88-931fb4225c0e",
  "outputs": {},
  "resources": [
    {
      "module": "module.module_ec2_instances",
      "mode": "managed",
      "type": "aws_instance",
      "name": "this",
      "provider": "provider[\"registry.terraform.io/hashicorp/aws\"]",
      "instances": [
        {
          "index_key": "instance_1",
          "schema_version": 2,
          "attributes": {
            "ami": "ami-0c1e21d82fe9c9336",
            "arn": "arn:aws:ec2:us-east-1:654654478122:instance/i-06b6c88c239b16902",
            "associate_public_ip_address": true,
            "availability_zone": "us-east-1a",
            "capacity_reservation_specification": [
              {
                "capacity_reservation_preference": "open",
                "capacity_reservation_target": []
              }
            ],
            "cpu_options": [
              {
                "amd_sev_snp": "",
                "core_count": 1,
                "nested_virtualization": "",
                "threads_per_core": 2
              }
            ],
            "credit_specification": [
              {
                "cpu_credits": "unlimited"
              }
            ],
            "disable_api_stop": false,
            "disable_api_termination": false,
            "ebs_block_device": [],
            "ebs_optimized": false,
            "enable_primary_ipv6": null,
            "enclave_options": [
              {
                "enabled": false
              }
            ],
            "ephemeral_block_device": [],
            "force_destroy": false,
            "get_password_data": false,
            "hibernation": false,
            "host_id": "",
            "host_resource_group_arn": null,
            "iam_instance_profile": "ec2_instance_profile-nombredelrolacreardiana",
            "id": "i-06b6c88c239b16902",
            "instance_initiated_shutdown_behavior": "stop",
            "instance_lifecycle": "",
            "instance_market_options": [],
            "instance_state": "running",
            "instance_type": "t3.micro",
            "ipv6_address_count": 0,
            "ipv6_addresses": [],
            "key_name": "nombrekeypairdiana",
            "launch_template": [],
            "maintenance_options": [
              {
                "auto_recovery": "default"
              }
            ],
            "metadata_options": [
              {
                "http_endpoint": "enabled",
                "http_protocol_ipv6": "disabled",
                "http_put_response_hop_limit": 2,
                "http_tokens": "required",
                "instance_metadata_tags": "disabled"
              }
            ],
            "monitoring": false,
            "network_interface": [],
            "outpost_arn": "",
            "password_data": "",
            "placement_group": "",
            "placement_group_id": "",
            "placement_partition_number": 0,
            "primary_network_interface": [
              {
                "delete_on_termination": true,
                "network_interface_id": "eni-0181cad2225c4159b"
              }
            ],
            "primary_network_interface_id": "eni-0181cad2225c4159b",
            "private_dns": "ip-172-31-12-220.ec2.internal",
            "private_dns_name_options": [
              {
                "enable_resource_name_dns_a_record": false,
                "enable_resource_name_dns_aaaa_record": false,
                "hostname_type": "ip-name"
              }
            ],
            "private_ip": "172.31.12.220",
            "public_dns": "ec2-3-210-203-229.compute-1.amazonaws.com",
            "public_ip": "3.210.203.229",
            "region": "us-east-1",
            "root_block_device": [
              {
                "delete_on_termination": true,
                "device_name": "/dev/xvda",
                "encrypted": false,
                "iops": 3000,
                "kms_key_id": "",
                "tags": null,
                "tags_all": {},
                "throughput": 125,
                "volume_id": "vol-073c112958a3e2c24",
                "volume_size": 80,
                "volume_type": "gp3"
              }
            ],
            "secondary_network_interface": [],
            "secondary_private_ips": [],
            "security_groups": [
              "ause1-sg-betekdiana-sgproyect"
            ],
            "source_dest_check": true,
            "spot_instance_request_id": "",
            "subnet_id": "subnet-00227b47a5f26ec04",
            "tags": {
              "Name": "tags",
              "a-tag1": "tags",
              "tag1": "valor"
            },
            "tags_all": {
              "Name": "tags",
              "a-tag1": "tags",
              "tag1": "valor"
            },
            "tenancy": "default",
            "timeouts": null,
            "user_data": null,
            "user_data_base64": null,
            "user_data_replace_on_change": false,
            "volume_tags": {
              "Name": "tags",
              "a-tag1": "tags",
              "tag1": "valor"
            },
            "vpc_security_group_ids": [
              "sg-0d6c4d840a5df5764"
            ]
          },
          "sensitive_attributes": [],
          "identity_schema_version": 0,
          "identity": {
            "account_id": "654654478122",
            "id": "i-06b6c88c239b16902",
            "region": "us-east-1"
          },
          "private": "eyJlMmJmYjczMC1lY2FhLTExZTYtOGY4OC0zNDM2M2JjN2M0YzAiOnsiY3JlYXRlIjo2MDAwMDAwMDAwMDAsImRlbGV0ZSI6MTIwMDAwMDAwMDAwMCwicmVhZCI6OTAwMDAwMDAwMDAwLCJ1cGRhdGUiOjYwMDAwMDAwMDAwMH0sInNjaGVtYV92ZXJzaW9uIjoiMiJ9",
          "dependencies": [
            "module.module_ec2_instances.aws_key_pair.this",
            "module.module_ec2_instances.tls_private_key.this",
            "module.module_iam_config.aws_iam_instance_profile.this",
            "module.module_iam_config.aws_iam_role.this",
            "module.module_security_group.aws_security_group.this"
          ]
        }
      ]
    },
    {
      "module": "module.module_ec2_instances",
      "mode": "managed",
      "type": "aws_key_pair",
      "name": "this",
      "provider": "provider[\"registry.terraform.io/hashicorp/aws\"]",
      "instances": [
        {
          "schema_version": 1,
          "attributes": {
            "arn": "arn:aws:ec2:us-east-1:654654478122:key-pair/nombrekeypairdiana",
            "fingerprint": "e4:10:96:56:ec:58:42:0d:93:b2:41:96:18:29:ca:fa",
            "id": "nombrekeypairdiana",
            "key_name": "nombrekeypairdiana",
            "key_name_prefix": "",
            "key_pair_id": "key-0bc64d466f838ec2f",
            "key_type": "rsa",
            "public_key": "ssh-rsa AAAAB3NzaC1yc2EAAAADAQABAAABAQDkAVBr6NeMbxjbe2+LlUFT/oC0oXmEoLJmsmnMFWLdvWl/aqq4T9LIE515MVerL+xXrHBDVZnmzNAmK5EPFbPHdM4pUfxf6Tnufsu/iXoaWm6i1OTbMWWYmkueFgK4oKZaWQehrqqu6jFqi12yHO6JG8S+2AtcWFRs7Gvz62lzKhDFbn2XVlrizfIYJWRbAU9XpZwe9e49OdTJr5QvJ5v+Sbg4aEfTLAls19mesmCn8ThmOADudqo4OGxmMQVIePcSN6GhUuQImslFahGOsOeGrRMivAfhuVbQa70x7QkelKDoIvomK+VtrsMTRs+YRLHabgjeNoS5/MyIpFf4DTh3",
            "region": "us-east-1",
            "tags": {},
            "tags_all": {}
          },
          "sensitive_attributes": [],
          "identity_schema_version": 0,
          "private": "eyJzY2hlbWFfdmVyc2lvbiI6IjEifQ==",
          "dependencies": [
            "module.module_ec2_instances.tls_private_key.this"
          ]
        }
      ]
    },
    {
      "module": "module.module_ec2_instances",
      "mode": "managed",
      "type": "local_file",
      "name": "private_key",
      "provider": "provider[\"registry.terraform.io/hashicorp/local\"]",
      "instances": [
        {
          "schema_version": 0,
          "attributes": {
            "content": "-----BEGIN RSA PRIVATE KEY-----\nMIIEpAIBAAKCAQEA5AFQa+jXjG8Y23tvi5VBU/6AtKF5hKCyZrJpzBVi3b1pf2qq\nuE/SyBOdeTFXqy/sV6xwQ1WZ5szQJiuRDxWzx3TOKVH8X+k57n7Lv4l6GlpuotTk\n2zFlmJpLnhYCuKCmWlkHoa6qruoxaotdshzuiRvEvtgLXFhUbOxr8+tpcyoQxW59\nl1Za4s3yGCVkWwFPV6WcHvXuPTnUya+ULyeb/km4OGhH0ywJbNfZnrJgp/E4ZjgA\n7naqODhsZjEFSHj3EjehoVLkCJrJRWoRjrDnhq0TIrwH4blW0Gu9Me0JHpSg6CL6\nJivlba7DE0bPmESx2m4I3jaEufzMiKRX+A04dwIDAQABAoIBAFzr4C+qPDZijJne\na25SjMZDgYacDF8t8qcB7TYcPSeraxRfj2YAOiIKRHJA1r7QkByHDVWTzF4QeIAl\n3z9rk9Ik22Rhol4gOdjl2fmceKPG2TIJW5+tOP+BWnH5/G/sIP/PKtoMykjw7uTC\nGZReUCSWqY8xkye2Y+nkTHajKV2iMSxdMdZkcDvhbNplcFjFki4n27qsUIECqVUY\nVkBaJp58R9SoedImXJmOhMCJnl8IIq8zp3mzaUK7cXY/fsgjt+Y8jkmekkB0obaF\nQWN3gy8iKnW7Z73sjq5RvYM9IyREKE8gmG30cEGOgMScAnp5hajCBgWC9/tIEhVC\n6BH98WkCgYEA7EXTcMoscf2DqhL/qS0P0a6o5idbM/92NC9D2MKCr0R92jqXe/MD\nR2XsKEtQkkhlY3+KtAMkg+i82U+i6eBPHWtZBN3pGNe1R0ykFmVnc/3eUrrKP0dg\nP7htUkU2Bznh4h2inopmzPZfYqPJFlxBSMkDN8Wq3enHWluU8n2YfLUCgYEA9wrF\n8KK9Ire1TEl77foPyfA9dQZzaLXBJrTNI5Nc56ity/Gj1tM1Ws8sp8dauU8pNPnJ\nKC1mRLswlNNu6vp9VVMh7kymSNZyLpUrKLEQ4Cv3TwdSUSd4tGGXYgLSHAlqJ3kq\ndCPnY03ZPbpZs/8aHZDl3kxwCHrYn5rOV17aB/sCgYAWe15vMQ2hmxnYKQ6irmL+\n9LulisEm5Xv94zF1gqykuMOw7DpV1P3O4WfjPadhA/qByTUNg+8Jji/KDcXWsz1T\n8075I5R2hK//JM/IQcXiR5nMDXIJK2WBKq9cULGfZmaT+XXr2AeIITlaTXNo6UZd\nAqOHvwtPKluJwYUevcywsQKBgQCJQGAGuLOyJTTB5JXI+sRo4mOSr/nQtCJS2eKb\nIFVek5WzmFX5lbCv+iiKMrUR/YwcVabP/qEyEHoGRY37WR3nGN/iII3GK/aWMOQg\noHeKxIKLUrsGQZLLTOkpV/3Z+9URhzzx97ynrGnE5NLPsSyWPpmnrvoTjATsb7qy\nSg2CnwKBgQDEfloQsmYv64/HPJF0Z9CxjH10PO08TClOJ1b/8ePvUBU+wWHUNUaP\nu14ztXOu353idHFdKGCeabf9OrP2qp2Wz5j45jcBjYXaGeeC0v/coBlVkcp6WU+d\nwOg/GM2D56XyDZme6TfyeZq4Bj5H46KVfYr1HmQg0xoZvfiULOF/yQ==\n-----END RSA PRIVATE KEY-----\n",
            "content_base64": null,
            "content_base64sha256": "jGR09hvAODWfLYI8YdC7DYvKqR78+omovaNogWYHhRQ=",
            "content_base64sha512": "KjMIBPl7w25faQq/KucgKpFs6k12/Y8Yzt+Tc331aog+Q6alhfizIMq35UyvNTCQyH/7l+H7uVrcN2eIsJYeIQ==",
            "content_md5": "c154df2342fe17c53e861081a90da9c2",
            "content_sha1": "d6f3794a7fcbd6166777cd86abc9728680ca4d70",
            "content_sha256": "8c6474f61bc038359f2d823c61d0bb0d8bcaa91efcfa89a8bda3688166078514",
            "content_sha512": "2a330804f97bc36e5f690abf2ae7202a916cea4d76fd8f18cedf93737df56a883e43a6a585f8b320cab7e54caf353090c87ffb97e1fbb95adc376788b0961e21",
            "directory_permission": "0777",
            "file_permission": "0777",
            "filename": "./nombrekeypair.pem",
            "id": "d6f3794a7fcbd6166777cd86abc9728680ca4d70",
            "sensitive_content": null,
            "source": null
          },
          "sensitive_attributes": [
            [
              {
                "type": "get_attr",
                "value": "content"
              }
            ],
            [
              {
                "type": "get_attr",
                "value": "sensitive_content"
              }
            ]
          ],
          "identity_schema_version": 0,
          "dependencies": [
            "module.module_ec2_instances.tls_private_key.this"
          ]
        }
      ]
    },
    {
      "module": "module.module_ec2_instances",
      "mode": "managed",
      "type": "tls_private_key",
      "name": "this",
      "provider": "provider[\"registry.terraform.io/hashicorp/tls\"]",
      "instances": [
        {
          "schema_version": 1,
          "attributes": {
            "algorithm": "RSA",
            "ecdsa_curve": "P224",
            "id": "28077f30a32f6f34cb3fce9e018ddbbbb3fa16c9",
            "private_key_openssh": "-----BEGIN OPENSSH PRIVATE KEY-----\nb3BlbnNzaC1rZXktdjEAAAAABG5vbmUAAAAEbm9uZQAAAAAAAAABAAABFwAAAAdz\nc2gtcnNhAAAAAwEAAQAAAQEA5AFQa+jXjG8Y23tvi5VBU/6AtKF5hKCyZrJpzBVi\n3b1pf2qquE/SyBOdeTFXqy/sV6xwQ1WZ5szQJiuRDxWzx3TOKVH8X+k57n7Lv4l6\nGlpuotTk2zFlmJpLnhYCuKCmWlkHoa6qruoxaotdshzuiRvEvtgLXFhUbOxr8+tp\ncyoQxW59l1Za4s3yGCVkWwFPV6WcHvXuPTnUya+ULyeb/km4OGhH0ywJbNfZnrJg\np/E4ZjgA7naqODhsZjEFSHj3EjehoVLkCJrJRWoRjrDnhq0TIrwH4blW0Gu9Me0J\nHpSg6CL6Jivlba7DE0bPmESx2m4I3jaEufzMiKRX+A04dwAAA7hmjplWZo6ZVgAA\nAAdzc2gtcnNhAAABAQDkAVBr6NeMbxjbe2+LlUFT/oC0oXmEoLJmsmnMFWLdvWl/\naqq4T9LIE515MVerL+xXrHBDVZnmzNAmK5EPFbPHdM4pUfxf6Tnufsu/iXoaWm6i\n1OTbMWWYmkueFgK4oKZaWQehrqqu6jFqi12yHO6JG8S+2AtcWFRs7Gvz62lzKhDF\nbn2XVlrizfIYJWRbAU9XpZwe9e49OdTJr5QvJ5v+Sbg4aEfTLAls19mesmCn8Thm\nOADudqo4OGxmMQVIePcSN6GhUuQImslFahGOsOeGrRMivAfhuVbQa70x7QkelKDo\nIvomK+VtrsMTRs+YRLHabgjeNoS5/MyIpFf4DTh3AAAAAwEAAQAAAQBc6+Avqjw2\nYoyZ3mtuUozGQ4GGnAxfLfKnAe02HD0nq2sUX49mADoiCkRyQNa+0JAchw1Vk8xe\nEHiAJd8/a5PSJNtkYaJeIDnY5dn5nHijxtkyCVufrTj/gVpx+fxv7CD/zyraDMpI\n8O7kwhmUXlAklqmPMZMntmPp5Ex2oyldojEsXTHWZHA74WzaZXBYxZIuJ9u6rFCB\nAqlVGFZAWiaefEfUqHnSJlyZjoTAiZ5fCCKvM6d5s2lCu3F2P37II7fmPI5JnpJA\ndKG2hUFjd4MvIip1u2e97I6uUb2DPSMkRChPIJht9HBBjoDEnAJ6eYWowgYFgvf7\nSBIVQugR/fFpAAAAgQDEfloQsmYv64/HPJF0Z9CxjH10PO08TClOJ1b/8ePvUBU+\nwWHUNUaPu14ztXOu353idHFdKGCeabf9OrP2qp2Wz5j45jcBjYXaGeeC0v/coBlV\nkcp6WU+dwOg/GM2D56XyDZme6TfyeZq4Bj5H46KVfYr1HmQg0xoZvfiULOF/yQAA\nAIEA7EXTcMoscf2DqhL/qS0P0a6o5idbM/92NC9D2MKCr0R92jqXe/MDR2XsKEtQ\nkkhlY3+KtAMkg+i82U+i6eBPHWtZBN3pGNe1R0ykFmVnc/3eUrrKP0dgP7htUkU2\nBznh4h2inopmzPZfYqPJFlxBSMkDN8Wq3enHWluU8n2YfLUAAACBAPcKxfCivSK3\ntUxJe+36D8nwPXUGc2i1wSa0zSOTXOeorcvxo9bTNVrPLKfHWrlPKTT5ySgtZkS7\nMJTTbur6fVVTIe5MpkjWci6VKyixEOAr908HUlEneLRhl2IC0hwJaid5KnQj52NN\n2T26WbP/Gh2Q5d5McAh62J+azlde2gf7AAAAAAEC\n-----END OPENSSH PRIVATE KEY-----\n",
            "private_key_pem": "-----BEGIN RSA PRIVATE KEY-----\nMIIEpAIBAAKCAQEA5AFQa+jXjG8Y23tvi5VBU/6AtKF5hKCyZrJpzBVi3b1pf2qq\nuE/SyBOdeTFXqy/sV6xwQ1WZ5szQJiuRDxWzx3TOKVH8X+k57n7Lv4l6GlpuotTk\n2zFlmJpLnhYCuKCmWlkHoa6qruoxaotdshzuiRvEvtgLXFhUbOxr8+tpcyoQxW59\nl1Za4s3yGCVkWwFPV6WcHvXuPTnUya+ULyeb/km4OGhH0ywJbNfZnrJgp/E4ZjgA\n7naqODhsZjEFSHj3EjehoVLkCJrJRWoRjrDnhq0TIrwH4blW0Gu9Me0JHpSg6CL6\nJivlba7DE0bPmESx2m4I3jaEufzMiKRX+A04dwIDAQABAoIBAFzr4C+qPDZijJne\na25SjMZDgYacDF8t8qcB7TYcPSeraxRfj2YAOiIKRHJA1r7QkByHDVWTzF4QeIAl\n3z9rk9Ik22Rhol4gOdjl2fmceKPG2TIJW5+tOP+BWnH5/G/sIP/PKtoMykjw7uTC\nGZReUCSWqY8xkye2Y+nkTHajKV2iMSxdMdZkcDvhbNplcFjFki4n27qsUIECqVUY\nVkBaJp58R9SoedImXJmOhMCJnl8IIq8zp3mzaUK7cXY/fsgjt+Y8jkmekkB0obaF\nQWN3gy8iKnW7Z73sjq5RvYM9IyREKE8gmG30cEGOgMScAnp5hajCBgWC9/tIEhVC\n6BH98WkCgYEA7EXTcMoscf2DqhL/qS0P0a6o5idbM/92NC9D2MKCr0R92jqXe/MD\nR2XsKEtQkkhlY3+KtAMkg+i82U+i6eBPHWtZBN3pGNe1R0ykFmVnc/3eUrrKP0dg\nP7htUkU2Bznh4h2inopmzPZfYqPJFlxBSMkDN8Wq3enHWluU8n2YfLUCgYEA9wrF\n8KK9Ire1TEl77foPyfA9dQZzaLXBJrTNI5Nc56ity/Gj1tM1Ws8sp8dauU8pNPnJ\nKC1mRLswlNNu6vp9VVMh7kymSNZyLpUrKLEQ4Cv3TwdSUSd4tGGXYgLSHAlqJ3kq\ndCPnY03ZPbpZs/8aHZDl3kxwCHrYn5rOV17aB/sCgYAWe15vMQ2hmxnYKQ6irmL+\n9LulisEm5Xv94zF1gqykuMOw7DpV1P3O4WfjPadhA/qByTUNg+8Jji/KDcXWsz1T\n8075I5R2hK//JM/IQcXiR5nMDXIJK2WBKq9cULGfZmaT+XXr2AeIITlaTXNo6UZd\nAqOHvwtPKluJwYUevcywsQKBgQCJQGAGuLOyJTTB5JXI+sRo4mOSr/nQtCJS2eKb\nIFVek5WzmFX5lbCv+iiKMrUR/YwcVabP/qEyEHoGRY37WR3nGN/iII3GK/aWMOQg\noHeKxIKLUrsGQZLLTOkpV/3Z+9URhzzx97ynrGnE5NLPsSyWPpmnrvoTjATsb7qy\nSg2CnwKBgQDEfloQsmYv64/HPJF0Z9CxjH10PO08TClOJ1b/8ePvUBU+wWHUNUaP\nu14ztXOu353idHFdKGCeabf9OrP2qp2Wz5j45jcBjYXaGeeC0v/coBlVkcp6WU+d\nwOg/GM2D56XyDZme6TfyeZq4Bj5H46KVfYr1HmQg0xoZvfiULOF/yQ==\n-----END RSA PRIVATE KEY-----\n",
            "private_key_pem_pkcs8": "-----BEGIN PRIVATE KEY-----\nMIIEvgIBADANBgkqhkiG9w0BAQEFAASCBKgwggSkAgEAAoIBAQDkAVBr6NeMbxjb\ne2+LlUFT/oC0oXmEoLJmsmnMFWLdvWl/aqq4T9LIE515MVerL+xXrHBDVZnmzNAm\nK5EPFbPHdM4pUfxf6Tnufsu/iXoaWm6i1OTbMWWYmkueFgK4oKZaWQehrqqu6jFq\ni12yHO6JG8S+2AtcWFRs7Gvz62lzKhDFbn2XVlrizfIYJWRbAU9XpZwe9e49OdTJ\nr5QvJ5v+Sbg4aEfTLAls19mesmCn8ThmOADudqo4OGxmMQVIePcSN6GhUuQImslF\nahGOsOeGrRMivAfhuVbQa70x7QkelKDoIvomK+VtrsMTRs+YRLHabgjeNoS5/MyI\npFf4DTh3AgMBAAECggEAXOvgL6o8NmKMmd5rblKMxkOBhpwMXy3ypwHtNhw9J6tr\nFF+PZgA6IgpEckDWvtCQHIcNVZPMXhB4gCXfP2uT0iTbZGGiXiA52OXZ+Zx4o8bZ\nMglbn604/4Facfn8b+wg/88q2gzKSPDu5MIZlF5QJJapjzGTJ7Zj6eRMdqMpXaIx\nLF0x1mRwO+Fs2mVwWMWSLifbuqxQgQKpVRhWQFomnnxH1Kh50iZcmY6EwImeXwgi\nrzOnebNpQrtxdj9+yCO35jyOSZ6SQHShtoVBY3eDLyIqdbtnveyOrlG9gz0jJEQo\nTyCYbfRwQY6AxJwCenmFqMIGBYL3+0gSFULoEf3xaQKBgQDsRdNwyixx/YOqEv+p\nLQ/RrqjmJ1sz/3Y0L0PYwoKvRH3aOpd78wNHZewoS1CSSGVjf4q0AySD6LzZT6Lp\n4E8da1kE3ekY17VHTKQWZWdz/d5Suso/R2A/uG1SRTYHOeHiHaKeimbM9l9io8kW\nXEFIyQM3xard6cdaW5TyfZh8tQKBgQD3CsXwor0it7VMSXvt+g/J8D11BnNotcEm\ntM0jk1znqK3L8aPW0zVazyynx1q5Tyk0+ckoLWZEuzCU027q+n1VUyHuTKZI1nIu\nlSsosRDgK/dPB1JRJ3i0YZdiAtIcCWoneSp0I+djTdk9ulmz/xodkOXeTHAIetif\nms5XXtoH+wKBgBZ7Xm8xDaGbGdgpDqKuYv70u6WKwSble/3jMXWCrKS4w7DsOlXU\n/c7hZ+M9p2ED+oHJNQ2D7wmOL8oNxdazPVPzTvkjlHaEr/8kz8hBxeJHmcwNcgkr\nZYEqr1xQsZ9mZpP5devYB4ghOVpNc2jpRl0Co4e/C08qW4nBhR69zLCxAoGBAIlA\nYAa4s7IlNMHklcj6xGjiY5Kv+dC0IlLZ4psgVV6TlbOYVfmVsK/6KIoytRH9jBxV\nps/+oTIQegZFjftZHecY3+IgjcYr9pYw5CCgd4rEgotSuwZBkstM6SlX/dn71RGH\nPPH3vKesacTk0s+xLJY+maeu+hOMBOxvurJKDYKfAoGBAMR+WhCyZi/rj8c8kXRn\n0LGMfXQ87TxMKU4nVv/x4+9QFT7BYdQ1Ro+7XjO1c67fneJ0cV0oYJ5pt/06s/aq\nnZbPmPjmNwGNhdoZ54LS/9ygGVWRynpZT53A6D8YzYPnpfINmZ7pN/J5mrgGPkfj\nopV9ivUeZCDTGhm9+JQs4X/J\n-----END PRIVATE KEY-----\n",
            "public_key_fingerprint_md5": "97:4f:a7:c4:a1:2e:d2:33:d9:87:07:e5:a6:b6:43:52",
            "public_key_fingerprint_sha256": "SHA256:XYgoaF+rCtxbosXiNFvX9vzoF8jnsybkwF8CZ46c/5c",
            "public_key_openssh": "ssh-rsa AAAAB3NzaC1yc2EAAAADAQABAAABAQDkAVBr6NeMbxjbe2+LlUFT/oC0oXmEoLJmsmnMFWLdvWl/aqq4T9LIE515MVerL+xXrHBDVZnmzNAmK5EPFbPHdM4pUfxf6Tnufsu/iXoaWm6i1OTbMWWYmkueFgK4oKZaWQehrqqu6jFqi12yHO6JG8S+2AtcWFRs7Gvz62lzKhDFbn2XVlrizfIYJWRbAU9XpZwe9e49OdTJr5QvJ5v+Sbg4aEfTLAls19mesmCn8ThmOADudqo4OGxmMQVIePcSN6GhUuQImslFahGOsOeGrRMivAfhuVbQa70x7QkelKDoIvomK+VtrsMTRs+YRLHabgjeNoS5/MyIpFf4DTh3\n",
            "public_key_pem": "-----BEGIN PUBLIC KEY-----\nMIIBIjANBgkqhkiG9w0BAQEFAAOCAQ8AMIIBCgKCAQEA5AFQa+jXjG8Y23tvi5VB\nU/6AtKF5hKCyZrJpzBVi3b1pf2qquE/SyBOdeTFXqy/sV6xwQ1WZ5szQJiuRDxWz\nx3TOKVH8X+k57n7Lv4l6GlpuotTk2zFlmJpLnhYCuKCmWlkHoa6qruoxaotdshzu\niRvEvtgLXFhUbOxr8+tpcyoQxW59l1Za4s3yGCVkWwFPV6WcHvXuPTnUya+ULyeb\n/km4OGhH0ywJbNfZnrJgp/E4ZjgA7naqODhsZjEFSHj3EjehoVLkCJrJRWoRjrDn\nhq0TIrwH4blW0Gu9Me0JHpSg6CL6Jivlba7DE0bPmESx2m4I3jaEufzMiKRX+A04\ndwIDAQAB\n-----END PUBLIC KEY-----\n",
            "rsa_bits": 2048
          },
          "sensitive_attributes": [
            [
              {
                "type": "get_attr",
                "value": "private_key_openssh"
              }
            ],
            [
              {
                "type": "get_attr",
                "value": "private_key_pem"
              }
            ],
            [
              {
                "type": "get_attr",
                "value": "private_key_pem_pkcs8"
              }
            ]
          ],
          "identity_schema_version": 0
        }
      ]
    },
    {
      "module": "module.module_iam_config",
      "mode": "managed",
      "type": "aws_iam_instance_profile",
      "name": "this",
      "provider": "provider[\"registry.terraform.io/hashicorp/aws\"]",
      "instances": [
        {
          "index_key": "instance_1",
          "schema_version": 0,
          "attributes": {
            "arn": "arn:aws:iam::654654478122:instance-profile/ec2_instance_profile-nombredelrolacreardiana",
            "create_date": "2026-04-24T02:42:44Z",
            "id": "ec2_instance_profile-nombredelrolacreardiana",
            "name": "ec2_instance_profile-nombredelrolacreardiana",
            "name_prefix": "",
            "path": "/",
            "role": "nombredelrolacreardiana",
            "tags": {},
            "tags_all": {},
            "unique_id": "AIPAZQ3DSS4VCGJ5MI5MV"
          },
          "sensitive_attributes": [],
          "identity_schema_version": 0,
          "identity": {
            "account_id": "654654478122",
            "name": "ec2_instance_profile-nombredelrolacreardiana"
          },
          "private": "bnVsbA==",
          "dependencies": [
            "module.module_iam_config.aws_iam_role.this"
          ]
        }
      ]
    },
    {
      "module": "module.module_iam_config",
      "mode": "managed",
      "type": "aws_iam_role",
      "name": "this",
      "provider": "provider[\"registry.terraform.io/hashicorp/aws\"]",
      "instances": [
        {
          "index_key": "instance_1",
          "schema_version": 0,
          "attributes": {
            "arn": "arn:aws:iam::654654478122:role/nombredelrolacreardiana",
            "assume_role_policy": "{\"Statement\":[{\"Action\":\"sts:AssumeRole\",\"Effect\":\"Allow\",\"Principal\":{\"Service\":\"ec2.amazonaws.com\"}}],\"Version\":\"2012-10-17\"}",
            "create_date": "2026-04-24T02:42:44Z",
            "description": "",
            "force_detach_policies": false,
            "id": "nombredelrolacreardiana",
            "inline_policy": [],
            "managed_policy_arns": [
              "arn:aws:iam::aws:policy/AmazonSSMManagedInstanceCore",
              "arn:aws:iam::aws:policy/CloudWatchAgentServerPolicy"
            ],
            "max_session_duration": 3600,
            "name": "nombredelrolacreardiana",
            "name_prefix": "",
            "path": "/",
            "permissions_boundary": "",
            "tags": {},
            "tags_all": {},
            "unique_id": "AROAZQ3DSS4VDTPIIPR2P"
          },
          "sensitive_attributes": [],
          "identity_schema_version": 0,
          "identity": {
            "account_id": "654654478122",
            "name": "nombredelrolacreardiana"
          },
          "private": "bnVsbA=="
        }
      ]
    },
    {
      "module": "module.module_iam_config",
      "mode": "managed",
      "type": "aws_iam_role_policy_attachment",
      "name": "instance_policies",
      "provider": "provider[\"registry.terraform.io/hashicorp/aws\"]",
      "instances": [
        {
          "index_key": "instance_1",
          "schema_version": 0,
          "attributes": {
            "id": "nombredelrolacreardiana/arn:aws:iam::aws:policy/AmazonSSMManagedInstanceCore",
            "policy_arn": "arn:aws:iam::aws:policy/AmazonSSMManagedInstanceCore",
            "role": "nombredelrolacreardiana"
          },
          "sensitive_attributes": [],
          "identity_schema_version": 0,
          "identity": {
            "account_id": "654654478122",
            "policy_arn": "arn:aws:iam::aws:policy/AmazonSSMManagedInstanceCore",
            "role": "nombredelrolacreardiana"
          },
          "private": "bnVsbA==",
          "dependencies": [
            "module.module_iam_config.aws_iam_role.this"
          ]
        }
      ]
    },
    {
      "module": "module.module_iam_config",
      "mode": "managed",
      "type": "aws_iam_role_policy_attachment",
      "name": "instance_policies2",
      "provider": "provider[\"registry.terraform.io/hashicorp/aws\"]",
      "instances": [
        {
          "index_key": "instance_1",
          "schema_version": 0,
          "attributes": {
            "id": "nombredelrolacreardiana/arn:aws:iam::aws:policy/CloudWatchAgentServerPolicy",
            "policy_arn": "arn:aws:iam::aws:policy/CloudWatchAgentServerPolicy",
            "role": "nombredelrolacreardiana"
          },
          "sensitive_attributes": [],
          "identity_schema_version": 0,
          "identity": {
            "account_id": "654654478122",
            "policy_arn": "arn:aws:iam::aws:policy/CloudWatchAgentServerPolicy",
            "role": "nombredelrolacreardiana"
          },
          "private": "bnVsbA==",
          "dependencies": [
            "module.module_iam_config.aws_iam_role.this"
          ]
        }
      ]
    },
    {
      "module": "module.module_security_group",
      "mode": "managed",
      "type": "aws_security_group",
      "name": "this",
      "provider": "provider[\"registry.terraform.io/hashicorp/aws\"]",
      "instances": [
        {
          "index_key": "instance_1",
          "schema_version": 1,
          "attributes": {
            "arn": "arn:aws:ec2:us-east-1:654654478122:security-group/sg-0d6c4d840a5df5764",
            "description": "Managed by Terraform",
            "egress": [
              {
                "cidr_blocks": [
                  "0.0.0.0/0"
                ],
                "description": "",
                "from_port": 0,
                "ipv6_cidr_blocks": [],
                "prefix_list_ids": [],
                "protocol": "-1",
                "security_groups": [],
                "self": false,
                "to_port": 0
              }
            ],
            "id": "sg-0d6c4d840a5df5764",
            "ingress": [
              {
                "cidr_blocks": [
                  "10.0.0.0/8"
                ],
                "description": "",
                "from_port": 3389,
                "ipv6_cidr_blocks": [],
                "prefix_list_ids": [],
                "protocol": "tcp",
                "security_groups": [],
                "self": false,
                "to_port": 3389
              },
              {
                "cidr_blocks": [
                  "10.215.3.51/32"
                ],
                "description": "",
                "from_port": 0,
                "ipv6_cidr_blocks": [],
                "prefix_list_ids": [],
                "protocol": "tcp",
                "security_groups": [],
                "self": false,
                "to_port": 65535
              }
            ],
            "name": "ause1-sg-betekdiana-sgproyect",
            "name_prefix": "",
            "owner_id": "654654478122",
            "region": "us-east-1",
            "revoke_rules_on_delete": false,
            "tags": {
              "Name": "ause1-sg-betekdiana-proyecto-ec2",
              "tag1": "valor"
            },
            "tags_all": {
              "Name": "ause1-sg-betekdiana-proyecto-ec2",
              "tag1": "valor"
            },
            "timeouts": null,
            "vpc_id": "vpc-00f479057476a2db8"
          },
          "sensitive_attributes": [],
          "identity_schema_version": 0,
          "identity": {
            "account_id": "654654478122",
            "id": "sg-0d6c4d840a5df5764",
            "region": "us-east-1"
          },
          "private": "eyJlMmJmYjczMC1lY2FhLTExZTYtOGY4OC0zNDM2M2JjN2M0YzAiOnsiY3JlYXRlIjo2MDAwMDAwMDAwMDAsImRlbGV0ZSI6OTAwMDAwMDAwMDAwfSwic2NoZW1hX3ZlcnNpb24iOiIxIn0="
        }
      ]
    }
  ],
  "check_results": null
}
