{
  "version": 4,
  "terraform_version": "1.14.8",
  "serial": 38,
  "lineage": "b980ae41-4223-5579-6d88-931fb4225c0e",
  "outputs": {},
  "resources": [
    {
      "module": "module.module_ec2_instances",
      "mode": "managed",
      "type": "aws_instance",
      "name": "this",
      "provider": "provider[\"registry.terraform.io/hashicorp/aws\"]",
      "instances": [
        {
          "index_key": "instance_1",
          "schema_version": 2,
          "attributes": {
            "ami": "ami-0c1e21d82fe9c9336",
            "arn": "arn:aws:ec2:us-east-1:654654478122:instance/i-0ee7a581e2abef060",
            "associate_public_ip_address": true,
            "availability_zone": "us-east-1a",
            "capacity_reservation_specification": [
              {
                "capacity_reservation_preference": "open",
                "capacity_reservation_target": []
              }
            ],
            "cpu_options": [
              {
                "amd_sev_snp": "",
                "core_count": 1,
                "nested_virtualization": "",
                "threads_per_core": 2
              }
            ],
            "credit_specification": [
              {
                "cpu_credits": "unlimited"
              }
            ],
            "disable_api_stop": false,
            "disable_api_termination": false,
            "ebs_block_device": [],
            "ebs_optimized": false,
            "enable_primary_ipv6": null,
            "enclave_options": [
              {
                "enabled": false
              }
            ],
            "ephemeral_block_device": [],
            "force_destroy": false,
            "get_password_data": false,
            "hibernation": false,
            "host_id": "",
            "host_resource_group_arn": null,
            "iam_instance_profile": "ec2_instance_profile-nombredelrolacreardiana",
            "id": "i-0ee7a581e2abef060",
            "instance_initiated_shutdown_behavior": "stop",
            "instance_lifecycle": "",
            "instance_market_options": [],
            "instance_state": "running",
            "instance_type": "t3.micro",
            "ipv6_address_count": 0,
            "ipv6_addresses": [],
            "key_name": "nombrekeypairdiana",
            "launch_template": [],
            "maintenance_options": [
              {
                "auto_recovery": "default"
              }
            ],
            "metadata_options": [
              {
                "http_endpoint": "enabled",
                "http_protocol_ipv6": "disabled",
                "http_put_response_hop_limit": 2,
                "http_tokens": "required",
                "instance_metadata_tags": "disabled"
              }
            ],
            "monitoring": false,
            "network_interface": [],
            "outpost_arn": "",
            "password_data": "",
            "placement_group": "",
            "placement_group_id": "",
            "placement_partition_number": 0,
            "primary_network_interface": [
              {
                "delete_on_termination": true,
                "network_interface_id": "eni-02481f336ebcb8e30"
              }
            ],
            "primary_network_interface_id": "eni-02481f336ebcb8e30",
            "private_dns": "ip-172-31-10-54.ec2.internal",
            "private_dns_name_options": [
              {
                "enable_resource_name_dns_a_record": false,
                "enable_resource_name_dns_aaaa_record": false,
                "hostname_type": "ip-name"
              }
            ],
            "private_ip": "172.31.10.54",
            "public_dns": "ec2-44-199-199-141.compute-1.amazonaws.com",
            "public_ip": "44.199.199.141",
            "region": "us-east-1",
            "root_block_device": [
              {
                "delete_on_termination": true,
                "device_name": "/dev/xvda",
                "encrypted": false,
                "iops": 3000,
                "kms_key_id": "",
                "tags": null,
                "tags_all": {},
                "throughput": 125,
                "volume_id": "vol-0c56b1f511c6db72f",
                "volume_size": 80,
                "volume_type": "gp3"
              }
            ],
            "secondary_network_interface": [],
            "secondary_private_ips": [],
            "security_groups": [
              "ause1-sg-betekdiana-sgproyect"
            ],
            "source_dest_check": true,
            "spot_instance_request_id": "",
            "subnet_id": "subnet-00227b47a5f26ec04",
            "tags": {
              "Name": "tags",
              "a-tag1": "tags",
              "tag1": "valor"
            },
            "tags_all": {
              "Name": "tags",
              "a-tag1": "tags",
              "tag1": "valor"
            },
            "tenancy": "default",
            "timeouts": null,
            "user_data": null,
            "user_data_base64": null,
            "user_data_replace_on_change": false,
            "volume_tags": {
              "Name": "tags",
              "a-tag1": "tags",
              "tag1": "valor"
            },
            "vpc_security_group_ids": [
              "sg-049d9b2bc81e589c3"
            ]
          },
          "sensitive_attributes": [],
          "identity_schema_version": 0,
          "identity": {
            "account_id": "654654478122",
            "id": "i-0ee7a581e2abef060",
            "region": "us-east-1"
          },
          "private": "eyJlMmJmYjczMC1lY2FhLTExZTYtOGY4OC0zNDM2M2JjN2M0YzAiOnsiY3JlYXRlIjo2MDAwMDAwMDAwMDAsImRlbGV0ZSI6MTIwMDAwMDAwMDAwMCwicmVhZCI6OTAwMDAwMDAwMDAwLCJ1cGRhdGUiOjYwMDAwMDAwMDAwMH0sInNjaGVtYV92ZXJzaW9uIjoiMiJ9",
          "dependencies": [
            "module.module_ec2_instances.aws_key_pair.this",
            "module.module_ec2_instances.tls_private_key.this",
            "module.module_iam_config.aws_iam_instance_profile.this",
            "module.module_iam_config.aws_iam_role.this",
            "module.module_security_group.aws_security_group.this"
          ]
        }
      ]
    },
    {
      "module": "module.module_ec2_instances",
      "mode": "managed",
      "type": "aws_key_pair",
      "name": "this",
      "provider": "provider[\"registry.terraform.io/hashicorp/aws\"]",
      "instances": [
        {
          "schema_version": 1,
          "attributes": {
            "arn": "arn:aws:ec2:us-east-1:654654478122:key-pair/nombrekeypairdiana",
            "fingerprint": "fb:38:87:41:fe:ac:68:03:57:30:7d:45:7f:8e:9c:9f",
            "id": "nombrekeypairdiana",
            "key_name": "nombrekeypairdiana",
            "key_name_prefix": "",
            "key_pair_id": "key-01ea94c08cf0f5ed8",
            "key_type": "rsa",
            "public_key": "ssh-rsa AAAAB3NzaC1yc2EAAAADAQABAAABAQDGZjTWSSyzmyUfowt36Kl6TpXGvM6qnYZmq0Jh9mGyU+IcrCHKRNscMj4+ECFXhqIU4I9opnzx/khtXhOiouAjHR4ylZRIpMZohKBug5B0hLa5LjHz9nkF9FVPefQdeGnysYtkTGvovKTPLgYRW/4SrfqK2wlznvAy2EGP3BETa0L9FI1vHMA1NeANQuwfKgbHfIiMRMLCz8VcXwCKORqiMcTPmBtmLNdarGe/EmAJMccltqk3YdyWYCy8aZ8jhASKPz3+ibEWtvMDKhauwZJomJiUxe0OuCTKw8obre4w744bO99g0QC0PS9eWZepXDO+yie/dXqR3lC6DEUOSG2l",
            "region": "us-east-1",
            "tags": null,
            "tags_all": {}
          },
          "sensitive_attributes": [],
          "identity_schema_version": 0,
          "private": "eyJzY2hlbWFfdmVyc2lvbiI6IjEifQ==",
          "dependencies": [
            "module.module_ec2_instances.tls_private_key.this"
          ]
        }
      ]
    },
    {
      "module": "module.module_ec2_instances",
      "mode": "managed",
      "type": "local_file",
      "name": "private_key",
      "provider": "provider[\"registry.terraform.io/hashicorp/local\"]",
      "instances": [
        {
          "schema_version": 0,
          "attributes": {
            "content": "-----BEGIN RSA PRIVATE KEY-----\nMIIEowIBAAKCAQEAxmY01kkss5slH6MLd+ipek6VxrzOqp2GZqtCYfZhslPiHKwh\nykTbHDI+PhAhV4aiFOCPaKZ88f5IbV4ToqLgIx0eMpWUSKTGaISgboOQdIS2uS4x\n8/Z5BfRVT3n0HXhp8rGLZExr6Lykzy4GEVv+Eq36itsJc57wMthBj9wRE2tC/RSN\nbxzANTXgDULsHyoGx3yIjETCws/FXF8AijkaojHEz5gbZizXWqxnvxJgCTHHJbap\nN2HclmAsvGmfI4QEij89/omxFrbzAyoWrsGSaJiYlMXtDrgkysPKG63uMO+OGzvf\nYNEAtD0vXlmXqVwzvsonv3V6kd5QugxFDkhtpQIDAQABAoIBAAZcTvvYEeSP3VoS\nYwL9CiKXbo0ApHCLByd3UfQW5Hga4TAm+ENblJm8EPZHk/C81SlDBMins8WaBSOV\nJUnXcRpMa+7WZaVe5lSB/KxmWo/TFGeYmqCLaZheW7Yl/wSghbxdOE6RdlEvwRSP\npsFQ4shMXHCuB94gKEESYVG1zgoCXcUEF2BGmdgwkNDfJo77lHaQ1l1ZAviFei4C\n6TEan0EWjAzgZccqX5IMAu8rnu2Uq7uIvR8GjQAHl2iLERNnGTJAZJMWd6d9taNS\nWe/4zgv2GKYLYTejPGhq5UE8kNzJKLx2+Tmw8qlY9q4ydsubtKDWBiBdysJH2zPu\nT4wdFsECgYEA1Ts6DppV6tJiqdeMfhsUeTFfxnFRtBNsSZBewhfoGqFOPx4xJVYg\nVGxA2Qi6YmBAMiMa8Fe8Y8hJttPdCulyoD6o6LDf3wp2htztjOQNMx1eN3g1ktpb\n3l0FHEWH3FgRTi8YAqZFVhSwUEzwWGlUJqTv1HnNTvyiUdj7k/D8nWUCgYEA7jFl\nerw1QifLHmW4756DGHVPdo0HYu9ND3sWPfpIwJmKTpQ3ne7O5tn2Bd8vO59Yw6kr\nb6J9wioTztOQnaH3u2PQER1oqqB9KkzXY1d+bKn+VA6uO48mBPsa+9cAzfLRX1UX\na9zaeb0h6Tt9aa7ThMZu+ht6paOtzEefvKXaq0ECgYEA07pqrKNdWr0rEQCiVXmo\nO6rmMhLFkSyUIvvCy7GXXBH9szjUjgFWOt3/CkLbZ+Gw/NfU4QANZXs0juESpMon\ncqylZeBze3JVPRbUnki4PqATtLqdX8OI42S0NV1pSUb9cAfdLIxTXuVOKX4sTW3R\nDEpMhkunrJ24w9LUBBOPku0CgYAk7DVN3ETpN1/uG1ialFi//tdNijj95hhs8OiW\nvOhwKpzc527jpXQfJuRTLrCUrnPFCME58ddKtNkTM4p0VPog6y0CqitiX7RnTTgK\nJzLqx0MsZoYtp1f+Z6pcJYzzX9OC0p7p0ndvbZkHHXioXDhfmZ70WDQf3wp+4w9o\n39DQwQKBgA1cRo1NFi6VkU9uZeU+AXKcxDVUWtRw0SmjeLzbwDhn4sd7yl+QmF4M\n9YZs1084c8jvO8toJNUt70gr1QgmglUvHIEo5mn8BPYdjCZQ/goTaICYj6HGD/xs\nLF0N7rjyNzMRAJxNA7kDy7/SY8++NDJk8TTlzwSMRfnBBmb/+cG+\n-----END RSA PRIVATE KEY-----\n",
            "content_base64": null,
            "content_base64sha256": "KA7UNssDdCt8PaoBs3PH+PkU+J3UmoHnEG48uBWN8W4=",
            "content_base64sha512": "PIivzdiZ176GBR3iCNpJ94EYigUfTlyuHXzbmtNFTZZrxdV/N6q6UdoFC+294WYDLKIB/bOPNIeZ7Muqr/jd7w==",
            "content_md5": "e1e3e3c6623f38a3696e54d541b53bcf",
            "content_sha1": "cce6fbf4d27eda0642cc8b31450c2f451110ecf9",
            "content_sha256": "280ed436cb03742b7c3daa01b373c7f8f914f89dd49a81e7106e3cb8158df16e",
            "content_sha512": "3c88afcdd899d7be86051de208da49f781188a051f4e5cae1d7cdb9ad3454d966bc5d57f37aaba51da050bedbde166032ca201fdb38f348799eccbaaaff8ddef",
            "directory_permission": "0777",
            "file_permission": "0777",
            "filename": "./nombrekeypair.pem",
            "id": "cce6fbf4d27eda0642cc8b31450c2f451110ecf9",
            "sensitive_content": null,
            "source": null
          },
          "sensitive_attributes": [
            [
              {
                "type": "get_attr",
                "value": "content"
              }
            ],
            [
              {
                "type": "get_attr",
                "value": "sensitive_content"
              }
            ]
          ],
          "identity_schema_version": 0,
          "dependencies": [
            "module.module_ec2_instances.tls_private_key.this"
          ]
        }
      ]
    },
    {
      "module": "module.module_ec2_instances",
      "mode": "managed",
      "type": "tls_private_key",
      "name": "this",
      "provider": "provider[\"registry.terraform.io/hashicorp/tls\"]",
      "instances": [
        {
          "schema_version": 1,
          "attributes": {
            "algorithm": "RSA",
            "ecdsa_curve": "P224",
            "id": "3abc75d61fcc19982d0f5c0bb7ac5b2518c3a936",
            "private_key_openssh": "-----BEGIN OPENSSH PRIVATE KEY-----\nb3BlbnNzaC1rZXktdjEAAAAABG5vbmUAAAAEbm9uZQAAAAAAAAABAAABFwAAAAdz\nc2gtcnNhAAAAAwEAAQAAAQEAxmY01kkss5slH6MLd+ipek6VxrzOqp2GZqtCYfZh\nslPiHKwhykTbHDI+PhAhV4aiFOCPaKZ88f5IbV4ToqLgIx0eMpWUSKTGaISgboOQ\ndIS2uS4x8/Z5BfRVT3n0HXhp8rGLZExr6Lykzy4GEVv+Eq36itsJc57wMthBj9wR\nE2tC/RSNbxzANTXgDULsHyoGx3yIjETCws/FXF8AijkaojHEz5gbZizXWqxnvxJg\nCTHHJbapN2HclmAsvGmfI4QEij89/omxFrbzAyoWrsGSaJiYlMXtDrgkysPKG63u\nMO+OGzvfYNEAtD0vXlmXqVwzvsonv3V6kd5QugxFDkhtpQAAA7hkyvRbZMr0WwAA\nAAdzc2gtcnNhAAABAQDGZjTWSSyzmyUfowt36Kl6TpXGvM6qnYZmq0Jh9mGyU+Ic\nrCHKRNscMj4+ECFXhqIU4I9opnzx/khtXhOiouAjHR4ylZRIpMZohKBug5B0hLa5\nLjHz9nkF9FVPefQdeGnysYtkTGvovKTPLgYRW/4SrfqK2wlznvAy2EGP3BETa0L9\nFI1vHMA1NeANQuwfKgbHfIiMRMLCz8VcXwCKORqiMcTPmBtmLNdarGe/EmAJMccl\ntqk3YdyWYCy8aZ8jhASKPz3+ibEWtvMDKhauwZJomJiUxe0OuCTKw8obre4w744b\nO99g0QC0PS9eWZepXDO+yie/dXqR3lC6DEUOSG2lAAAAAwEAAQAAAQAGXE772BHk\nj91aEmMC/Qoil26NAKRwiwcnd1H0FuR4GuEwJvhDW5SZvBD2R5PwvNUpQwTIp7PF\nmgUjlSVJ13EaTGvu1mWlXuZUgfysZlqP0xRnmJqgi2mYXlu2Jf8EoIW8XThOkXZR\nL8EUj6bBUOLITFxwrgfeIChBEmFRtc4KAl3FBBdgRpnYMJDQ3yaO+5R2kNZdWQL4\nhXouAukxGp9BFowM4GXHKl+SDALvK57tlKu7iL0fBo0AB5doixETZxkyQGSTFnen\nfbWjUlnv+M4L9himC2E3ozxoauVBPJDcySi8dvk5sPKpWPauMnbLm7Sg1gYgXcrC\nR9sz7k+MHRbBAAAAgA1cRo1NFi6VkU9uZeU+AXKcxDVUWtRw0SmjeLzbwDhn4sd7\nyl+QmF4M9YZs1084c8jvO8toJNUt70gr1QgmglUvHIEo5mn8BPYdjCZQ/goTaICY\nj6HGD/xsLF0N7rjyNzMRAJxNA7kDy7/SY8++NDJk8TTlzwSMRfnBBmb/+cG+AAAA\ngQDVOzoOmlXq0mKp14x+GxR5MV/GcVG0E2xJkF7CF+gaoU4/HjElViBUbEDZCLpi\nYEAyIxrwV7xjyEm2090K6XKgPqjosN/fCnaG3O2M5A0zHV43eDWS2lveXQUcRYfc\nWBFOLxgCpkVWFLBQTPBYaVQmpO/Uec1O/KJR2PuT8PydZQAAAIEA7jFlerw1QifL\nHmW4756DGHVPdo0HYu9ND3sWPfpIwJmKTpQ3ne7O5tn2Bd8vO59Yw6krb6J9wioT\nztOQnaH3u2PQER1oqqB9KkzXY1d+bKn+VA6uO48mBPsa+9cAzfLRX1UXa9zaeb0h\n6Tt9aa7ThMZu+ht6paOtzEefvKXaq0EAAAAAAQID\n-----END OPENSSH PRIVATE KEY-----\n",
            "private_key_pem": "-----BEGIN RSA PRIVATE KEY-----\nMIIEowIBAAKCAQEAxmY01kkss5slH6MLd+ipek6VxrzOqp2GZqtCYfZhslPiHKwh\nykTbHDI+PhAhV4aiFOCPaKZ88f5IbV4ToqLgIx0eMpWUSKTGaISgboOQdIS2uS4x\n8/Z5BfRVT3n0HXhp8rGLZExr6Lykzy4GEVv+Eq36itsJc57wMthBj9wRE2tC/RSN\nbxzANTXgDULsHyoGx3yIjETCws/FXF8AijkaojHEz5gbZizXWqxnvxJgCTHHJbap\nN2HclmAsvGmfI4QEij89/omxFrbzAyoWrsGSaJiYlMXtDrgkysPKG63uMO+OGzvf\nYNEAtD0vXlmXqVwzvsonv3V6kd5QugxFDkhtpQIDAQABAoIBAAZcTvvYEeSP3VoS\nYwL9CiKXbo0ApHCLByd3UfQW5Hga4TAm+ENblJm8EPZHk/C81SlDBMins8WaBSOV\nJUnXcRpMa+7WZaVe5lSB/KxmWo/TFGeYmqCLaZheW7Yl/wSghbxdOE6RdlEvwRSP\npsFQ4shMXHCuB94gKEESYVG1zgoCXcUEF2BGmdgwkNDfJo77lHaQ1l1ZAviFei4C\n6TEan0EWjAzgZccqX5IMAu8rnu2Uq7uIvR8GjQAHl2iLERNnGTJAZJMWd6d9taNS\nWe/4zgv2GKYLYTejPGhq5UE8kNzJKLx2+Tmw8qlY9q4ydsubtKDWBiBdysJH2zPu\nT4wdFsECgYEA1Ts6DppV6tJiqdeMfhsUeTFfxnFRtBNsSZBewhfoGqFOPx4xJVYg\nVGxA2Qi6YmBAMiMa8Fe8Y8hJttPdCulyoD6o6LDf3wp2htztjOQNMx1eN3g1ktpb\n3l0FHEWH3FgRTi8YAqZFVhSwUEzwWGlUJqTv1HnNTvyiUdj7k/D8nWUCgYEA7jFl\nerw1QifLHmW4756DGHVPdo0HYu9ND3sWPfpIwJmKTpQ3ne7O5tn2Bd8vO59Yw6kr\nb6J9wioTztOQnaH3u2PQER1oqqB9KkzXY1d+bKn+VA6uO48mBPsa+9cAzfLRX1UX\na9zaeb0h6Tt9aa7ThMZu+ht6paOtzEefvKXaq0ECgYEA07pqrKNdWr0rEQCiVXmo\nO6rmMhLFkSyUIvvCy7GXXBH9szjUjgFWOt3/CkLbZ+Gw/NfU4QANZXs0juESpMon\ncqylZeBze3JVPRbUnki4PqATtLqdX8OI42S0NV1pSUb9cAfdLIxTXuVOKX4sTW3R\nDEpMhkunrJ24w9LUBBOPku0CgYAk7DVN3ETpN1/uG1ialFi//tdNijj95hhs8OiW\nvOhwKpzc527jpXQfJuRTLrCUrnPFCME58ddKtNkTM4p0VPog6y0CqitiX7RnTTgK\nJzLqx0MsZoYtp1f+Z6pcJYzzX9OC0p7p0ndvbZkHHXioXDhfmZ70WDQf3wp+4w9o\n39DQwQKBgA1cRo1NFi6VkU9uZeU+AXKcxDVUWtRw0SmjeLzbwDhn4sd7yl+QmF4M\n9YZs1084c8jvO8toJNUt70gr1QgmglUvHIEo5mn8BPYdjCZQ/goTaICYj6HGD/xs\nLF0N7rjyNzMRAJxNA7kDy7/SY8++NDJk8TTlzwSMRfnBBmb/+cG+\n-----END RSA PRIVATE KEY-----\n",
            "private_key_pem_pkcs8": "-----BEGIN PRIVATE KEY-----\nMIIEvQIBADANBgkqhkiG9w0BAQEFAASCBKcwggSjAgEAAoIBAQDGZjTWSSyzmyUf\nowt36Kl6TpXGvM6qnYZmq0Jh9mGyU+IcrCHKRNscMj4+ECFXhqIU4I9opnzx/kht\nXhOiouAjHR4ylZRIpMZohKBug5B0hLa5LjHz9nkF9FVPefQdeGnysYtkTGvovKTP\nLgYRW/4SrfqK2wlznvAy2EGP3BETa0L9FI1vHMA1NeANQuwfKgbHfIiMRMLCz8Vc\nXwCKORqiMcTPmBtmLNdarGe/EmAJMccltqk3YdyWYCy8aZ8jhASKPz3+ibEWtvMD\nKhauwZJomJiUxe0OuCTKw8obre4w744bO99g0QC0PS9eWZepXDO+yie/dXqR3lC6\nDEUOSG2lAgMBAAECggEABlxO+9gR5I/dWhJjAv0KIpdujQCkcIsHJ3dR9BbkeBrh\nMCb4Q1uUmbwQ9keT8LzVKUMEyKezxZoFI5UlSddxGkxr7tZlpV7mVIH8rGZaj9MU\nZ5iaoItpmF5btiX/BKCFvF04TpF2US/BFI+mwVDiyExccK4H3iAoQRJhUbXOCgJd\nxQQXYEaZ2DCQ0N8mjvuUdpDWXVkC+IV6LgLpMRqfQRaMDOBlxypfkgwC7yue7ZSr\nu4i9HwaNAAeXaIsRE2cZMkBkkxZ3p321o1JZ7/jOC/YYpgthN6M8aGrlQTyQ3Mko\nvHb5ObDyqVj2rjJ2y5u0oNYGIF3KwkfbM+5PjB0WwQKBgQDVOzoOmlXq0mKp14x+\nGxR5MV/GcVG0E2xJkF7CF+gaoU4/HjElViBUbEDZCLpiYEAyIxrwV7xjyEm2090K\n6XKgPqjosN/fCnaG3O2M5A0zHV43eDWS2lveXQUcRYfcWBFOLxgCpkVWFLBQTPBY\naVQmpO/Uec1O/KJR2PuT8PydZQKBgQDuMWV6vDVCJ8seZbjvnoMYdU92jQdi700P\nexY9+kjAmYpOlDed7s7m2fYF3y87n1jDqStvon3CKhPO05Cdofe7Y9ARHWiqoH0q\nTNdjV35sqf5UDq47jyYE+xr71wDN8tFfVRdr3Np5vSHpO31prtOExm76G3qlo63M\nR5+8pdqrQQKBgQDTumqso11avSsRAKJVeag7quYyEsWRLJQi+8LLsZdcEf2zONSO\nAVY63f8KQttn4bD819ThAA1lezSO4RKkyidyrKVl4HN7clU9FtSeSLg+oBO0up1f\nw4jjZLQ1XWlJRv1wB90sjFNe5U4pfixNbdEMSkyGS6esnbjD0tQEE4+S7QKBgCTs\nNU3cROk3X+4bWJqUWL/+102KOP3mGGzw6Ja86HAqnNznbuOldB8m5FMusJSuc8UI\nwTnx10q02RMzinRU+iDrLQKqK2JftGdNOAonMurHQyxmhi2nV/5nqlwljPNf04LS\nnunSd29tmQcdeKhcOF+ZnvRYNB/fCn7jD2jf0NDBAoGADVxGjU0WLpWRT25l5T4B\ncpzENVRa1HDRKaN4vNvAOGfix3vKX5CYXgz1hmzXTzhzyO87y2gk1S3vSCvVCCaC\nVS8cgSjmafwE9h2MJlD+ChNogJiPocYP/GwsXQ3uuPI3MxEAnE0DuQPLv9Jjz740\nMmTxNOXPBIxF+cEGZv/5wb4=\n-----END PRIVATE KEY-----\n",
            "public_key_fingerprint_md5": "82:06:cf:e8:4d:38:73:8a:70:52:e2:3b:b5:08:49:06",
            "public_key_fingerprint_sha256": "SHA256:dcybiZLhPQycasM/u4rEoeXPcni/Peqks/X6hR9HQPs",
            "public_key_openssh": "ssh-rsa AAAAB3NzaC1yc2EAAAADAQABAAABAQDGZjTWSSyzmyUfowt36Kl6TpXGvM6qnYZmq0Jh9mGyU+IcrCHKRNscMj4+ECFXhqIU4I9opnzx/khtXhOiouAjHR4ylZRIpMZohKBug5B0hLa5LjHz9nkF9FVPefQdeGnysYtkTGvovKTPLgYRW/4SrfqK2wlznvAy2EGP3BETa0L9FI1vHMA1NeANQuwfKgbHfIiMRMLCz8VcXwCKORqiMcTPmBtmLNdarGe/EmAJMccltqk3YdyWYCy8aZ8jhASKPz3+ibEWtvMDKhauwZJomJiUxe0OuCTKw8obre4w744bO99g0QC0PS9eWZepXDO+yie/dXqR3lC6DEUOSG2l\n",
            "public_key_pem": "-----BEGIN PUBLIC KEY-----\nMIIBIjANBgkqhkiG9w0BAQEFAAOCAQ8AMIIBCgKCAQEAxmY01kkss5slH6MLd+ip\nek6VxrzOqp2GZqtCYfZhslPiHKwhykTbHDI+PhAhV4aiFOCPaKZ88f5IbV4ToqLg\nIx0eMpWUSKTGaISgboOQdIS2uS4x8/Z5BfRVT3n0HXhp8rGLZExr6Lykzy4GEVv+\nEq36itsJc57wMthBj9wRE2tC/RSNbxzANTXgDULsHyoGx3yIjETCws/FXF8Aijka\nojHEz5gbZizXWqxnvxJgCTHHJbapN2HclmAsvGmfI4QEij89/omxFrbzAyoWrsGS\naJiYlMXtDrgkysPKG63uMO+OGzvfYNEAtD0vXlmXqVwzvsonv3V6kd5QugxFDkht\npQIDAQAB\n-----END PUBLIC KEY-----\n",
            "rsa_bits": 2048
          },
          "sensitive_attributes": [
            [
              {
                "type": "get_attr",
                "value": "private_key_openssh"
              }
            ],
            [
              {
                "type": "get_attr",
                "value": "private_key_pem"
              }
            ],
            [
              {
                "type": "get_attr",
                "value": "private_key_pem_pkcs8"
              }
            ]
          ],
          "identity_schema_version": 0
        }
      ]
    },
    {
      "module": "module.module_iam_config",
      "mode": "managed",
      "type": "aws_iam_instance_profile",
      "name": "this",
      "provider": "provider[\"registry.terraform.io/hashicorp/aws\"]",
      "instances": [
        {
          "index_key": "instance_1",
          "schema_version": 0,
          "attributes": {
            "arn": "arn:aws:iam::654654478122:instance-profile/ec2_instance_profile-nombredelrolacreardiana",
            "create_date": "2026-04-25T00:40:10Z",
            "id": "ec2_instance_profile-nombredelrolacreardiana",
            "name": "ec2_instance_profile-nombredelrolacreardiana",
            "name_prefix": "",
            "path": "/",
            "role": "nombredelrolacreardiana",
            "tags": null,
            "tags_all": {},
            "unique_id": "AIPAZQ3DSS4VG77RNNB5C"
          },
          "sensitive_attributes": [],
          "identity_schema_version": 0,
          "identity": {
            "account_id": "654654478122",
            "name": "ec2_instance_profile-nombredelrolacreardiana"
          },
          "private": "bnVsbA==",
          "dependencies": [
            "module.module_iam_config.aws_iam_role.this"
          ]
        }
      ]
    },
    {
      "module": "module.module_iam_config",
      "mode": "managed",
      "type": "aws_iam_role",
      "name": "this",
      "provider": "provider[\"registry.terraform.io/hashicorp/aws\"]",
      "instances": [
        {
          "index_key": "instance_1",
          "schema_version": 0,
          "attributes": {
            "arn": "arn:aws:iam::654654478122:role/nombredelrolacreardiana",
            "assume_role_policy": "{\"Statement\":[{\"Action\":\"sts:AssumeRole\",\"Effect\":\"Allow\",\"Principal\":{\"Service\":\"ec2.amazonaws.com\"}}],\"Version\":\"2012-10-17\"}",
            "create_date": "2026-04-25T00:40:10Z",
            "description": "",
            "force_detach_policies": false,
            "id": "nombredelrolacreardiana",
            "inline_policy": [],
            "managed_policy_arns": [],
            "max_session_duration": 3600,
            "name": "nombredelrolacreardiana",
            "name_prefix": "",
            "path": "/",
            "permissions_boundary": "",
            "tags": null,
            "tags_all": {},
            "unique_id": "AROAZQ3DSS4VCE45OJWVR"
          },
          "sensitive_attributes": [],
          "identity_schema_version": 0,
          "identity": {
            "account_id": "654654478122",
            "name": "nombredelrolacreardiana"
          },
          "private": "bnVsbA=="
        }
      ]
    },
    {
      "module": "module.module_iam_config",
      "mode": "managed",
      "type": "aws_iam_role_policy_attachment",
      "name": "instance_policies",
      "provider": "provider[\"registry.terraform.io/hashicorp/aws\"]",
      "instances": [
        {
          "index_key": "instance_1",
          "schema_version": 0,
          "attributes": {
            "id": "nombredelrolacreardiana/arn:aws:iam::aws:policy/AmazonSSMManagedInstanceCore",
            "policy_arn": "arn:aws:iam::aws:policy/AmazonSSMManagedInstanceCore",
            "role": "nombredelrolacreardiana"
          },
          "sensitive_attributes": [],
          "identity_schema_version": 0,
          "identity": {
            "account_id": "654654478122",
            "policy_arn": "arn:aws:iam::aws:policy/AmazonSSMManagedInstanceCore",
            "role": "nombredelrolacreardiana"
          },
          "private": "bnVsbA==",
          "dependencies": [
            "module.module_iam_config.aws_iam_role.this"
          ]
        }
      ]
    },
    {
      "module": "module.module_iam_config",
      "mode": "managed",
      "type": "aws_iam_role_policy_attachment",
      "name": "instance_policies2",
      "provider": "provider[\"registry.terraform.io/hashicorp/aws\"]",
      "instances": [
        {
          "index_key": "instance_1",
          "schema_version": 0,
          "attributes": {
            "id": "nombredelrolacreardiana/arn:aws:iam::aws:policy/CloudWatchAgentServerPolicy",
            "policy_arn": "arn:aws:iam::aws:policy/CloudWatchAgentServerPolicy",
            "role": "nombredelrolacreardiana"
          },
          "sensitive_attributes": [],
          "identity_schema_version": 0,
          "identity": {
            "account_id": "654654478122",
            "policy_arn": "arn:aws:iam::aws:policy/CloudWatchAgentServerPolicy",
            "role": "nombredelrolacreardiana"
          },
          "private": "bnVsbA==",
          "dependencies": [
            "module.module_iam_config.aws_iam_role.this"
          ]
        }
      ]
    },
    {
      "module": "module.module_security_group",
      "mode": "managed",
      "type": "aws_security_group",
      "name": "this",
      "provider": "provider[\"registry.terraform.io/hashicorp/aws\"]",
      "instances": [
        {
          "index_key": "instance_1",
          "schema_version": 1,
          "attributes": {
            "arn": "arn:aws:ec2:us-east-1:654654478122:security-group/sg-049d9b2bc81e589c3",
            "description": "Managed by Terraform",
            "egress": [
              {
                "cidr_blocks": [
                  "0.0.0.0/0"
                ],
                "description": "",
                "from_port": 0,
                "ipv6_cidr_blocks": [],
                "prefix_list_ids": [],
                "protocol": "-1",
                "security_groups": [],
                "self": false,
                "to_port": 0
              }
            ],
            "id": "sg-049d9b2bc81e589c3",
            "ingress": [
              {
                "cidr_blocks": [
                  "10.0.0.0/8"
                ],
                "description": "",
                "from_port": 3389,
                "ipv6_cidr_blocks": [],
                "prefix_list_ids": [],
                "protocol": "tcp",
                "security_groups": [],
                "self": false,
                "to_port": 3389
              },
              {
                "cidr_blocks": [
                  "10.215.3.51/32"
                ],
                "description": "",
                "from_port": 0,
                "ipv6_cidr_blocks": [],
                "prefix_list_ids": [],
                "protocol": "tcp",
                "security_groups": [],
                "self": false,
                "to_port": 65535
              }
            ],
            "name": "ause1-sg-betekdiana-sgproyect",
            "name_prefix": "",
            "owner_id": "654654478122",
            "region": "us-east-1",
            "revoke_rules_on_delete": false,
            "tags": {
              "Name": "ause1-sg-betekdiana-proyecto-ec2",
              "tag1": "valor"
            },
            "tags_all": {
              "Name": "ause1-sg-betekdiana-proyecto-ec2",
              "tag1": "valor"
            },
            "timeouts": null,
            "vpc_id": "vpc-00f479057476a2db8"
          },
          "sensitive_attributes": [],
          "identity_schema_version": 0,
          "identity": {
            "account_id": "654654478122",
            "id": "sg-049d9b2bc81e589c3",
            "region": "us-east-1"
          },
          "private": "eyJlMmJmYjczMC1lY2FhLTExZTYtOGY4OC0zNDM2M2JjN2M0YzAiOnsiY3JlYXRlIjo2MDAwMDAwMDAwMDAsImRlbGV0ZSI6OTAwMDAwMDAwMDAwfSwic2NoZW1hX3ZlcnNpb24iOiIxIn0="
        }
      ]
    }
  ],
  "check_results": null
}
